
Microsoft Visual Studio Solution File, Format Version 12.00
# Visual Studio Version 17
VisualStudioVersion = 17.5.33516.290
MinimumVisualStudioVersion = 10.0.40219.1
Project("{FAE04EC0-301F-11D3-BF4B-00C04F79EFBC}") = "JesperCompanyAB", "JesperCompanyAB\JesperCompanyAB.csproj", "{FE10800D-E0D7-4C01-A772-47A17F2AB78A}"
EndProject
Global
	GlobalSection(SolutionConfigurationPlatforms) = preSolution
		Debug|Any CPU = Debug|Any CPU
		Release|Any CPU = Release|Any CPU
	EndGlobalSection
	GlobalSection(ProjectConfigurationPlatforms) = postSolution
		{FE10800D-E0D7-4C01-A772-47A17F2AB78A}.Debug|Any CPU.ActiveCfg = Debug|Any CPU
		{FE10800D-E0D7-4C01-A772-47A17F2AB78A}.Debug|Any CPU.Build.0 = Debug|Any CPU
		{FE10800D-E0D7-4C01-A772-47A17F2AB78A}.Release|Any CPU.ActiveCfg = Release|Any CPU
		{FE10800D-E0D7-4C01-A772-47A17F2AB78A}.Release|Any CPU.Build.0 = Release|Any CPU
	EndGlobalSection
	GlobalSection(SolutionProperties) = preSolution
		HideSolutionNode = FALSE
	EndGlobalSection
	GlobalSection(ExtensibilityGlobals) = postSolution
		SolutionGuid = {ABA892E3-44E9-490B-880B-9A2E89728092}
	EndGlobalSection
EndGlobal
